
Microsoft Visual Studio Solution File, Format Version 12.00
# Visual Studio 15
VisualStudioVersion = 15.0.28307.168
MinimumVisualStudioVersion = 10.0.40219.1
Project("{FAE04EC0-301F-11D3-BF4B-00C04F79EFBC}") = "PieShop", "Pie Shop\PieShop.csproj", "{770CEEA1-10F1-4243-B405-91218BAD0F13}"
EndProject
Global
	GlobalSection(SolutionConfigurationPlatforms) = preSolution
		Debug|Any CPU = Debug|Any CPU
		Release|Any CPU = Release|Any CPU
	EndGlobalSection
	GlobalSection(ProjectConfigurationPlatforms) = postSolution
		{770CEEA1-10F1-4243-B405-91218BAD0F13}.Debug|Any CPU.ActiveCfg = Debug|Any CPU
		{770CEEA1-10F1-4243-B405-91218BAD0F13}.Debug|Any CPU.Build.0 = Debug|Any CPU
		{770CEEA1-10F1-4243-B405-91218BAD0F13}.Release|Any CPU.ActiveCfg = Release|Any CPU
		{770CEEA1-10F1-4243-B405-91218BAD0F13}.Release|Any CPU.Build.0 = Release|Any CPU
	EndGlobalSection
	GlobalSection(SolutionProperties) = preSolution
		HideSolutionNode = FALSE
	EndGlobalSection
	GlobalSection(ExtensibilityGlobals) = postSolution
		SolutionGuid = {93AEE2B0-0AEC-4018-B880-F05123207669}
	EndGlobalSection
EndGlobal
